// !$*UTF8*$!
{
	archiveVersion = 1;
	classes = {
	};
	objectVersion = 46;
	objects = {

/* Begin PBXBuildFile section */
		7722D49C8B40FC158EBE037D /* Pods_YuDou.framework in Frameworks */ = {isa = PBXBuildFile; fileRef = 1C862B987C636F3FFDD7DF40 /* Pods_YuDou.framework */; };
		8F384EDC1E4C10A5004BFC86 /* LiveHeaderCell.swift in Sources */ = {isa = PBXBuildFile; fileRef = 8F384EDB1E4C10A5004BFC86 /* LiveHeaderCell.swift */; };
		8F3BD0411E1D1E15006C7648 /* HomeViewController.swift in Sources */ = {isa = PBXBuildFile; fileRef = 8F3BD0401E1D1E15006C7648 /* HomeViewController.swift */; };
		8F3BD0441E1D1FD0006C7648 /* UIBarButtonItem+Extension.swift in Sources */ = {isa = PBXBuildFile; fileRef = 8F3BD0431E1D1FD0006C7648 /* UIBarButtonItem+Extension.swift */; };
		8F44FBAC1E4AB24700A95E99 /* GameIconCell.swift in Sources */ = {isa = PBXBuildFile; fileRef = 8F44FBAB1E4AB24700A95E99 /* GameIconCell.swift */; };
		8F44FBAE1E4AB26500A95E99 /* GameIconCell.xib in Resources */ = {isa = PBXBuildFile; fileRef = 8F44FBAD1E4AB26500A95E99 /* GameIconCell.xib */; };
		8F44FBB31E4ABB3600A95E99 /* GameIconModel.swift in Sources */ = {isa = PBXBuildFile; fileRef = 8F44FBB21E4ABB3600A95E99 /* GameIconModel.swift */; };
		8F44FBB51E4AC0E800A95E99 /* LiveListViewController.swift in Sources */ = {isa = PBXBuildFile; fileRef = 8F44FBB41E4AC0E800A95E99 /* LiveListViewController.swift */; };
		8F44FBB71E4AC31F00A95E99 /* LiveListViewModel.swift in Sources */ = {isa = PBXBuildFile; fileRef = 8F44FBB61E4AC31F00A95E99 /* LiveListViewModel.swift */; };
		8F44FBBD1E4ACC2900A95E99 /* LiveHeaderCategoryView.swift in Sources */ = {isa = PBXBuildFile; fileRef = 8F44FBBC1E4ACC2900A95E99 /* LiveHeaderCategoryView.swift */; };
		8F50C5161E49672300B66587 /* ScrollSegement.swift in Sources */ = {isa = PBXBuildFile; fileRef = 8F50C5151E49672300B66587 /* ScrollSegement.swift */; };
		8F50C5181E49C7D500B66587 /* LiveCommonViewController.swift in Sources */ = {isa = PBXBuildFile; fileRef = 8F50C5171E49C7D500B66587 /* LiveCommonViewController.swift */; };
		8F50C51A1E49C84300B66587 /* LiveChildViewController.swift in Sources */ = {isa = PBXBuildFile; fileRef = 8F50C5191E49C84300B66587 /* LiveChildViewController.swift */; };
		8F50C51C1E49CF1200B66587 /* ColumnModel.swift in Sources */ = {isa = PBXBuildFile; fileRef = 8F50C51B1E49CF1200B66587 /* ColumnModel.swift */; };
		8F593DB41E4D50130014AB20 /* GradientView.swift in Sources */ = {isa = PBXBuildFile; fileRef = 8F593DB31E4D50130014AB20 /* GradientView.swift */; };
		8F5A3C221E2C59E100AAA385 /* UIColor+Extension.swift in Sources */ = {isa = PBXBuildFile; fileRef = 8F5A3C211E2C59E100AAA385 /* UIColor+Extension.swift */; };
		8F5A3C241E2C5D7500AAA385 /* common.swift in Sources */ = {isa = PBXBuildFile; fileRef = 8F5A3C231E2C5D7500AAA385 /* common.swift */; };
		8F5A3C261E2C5E9400AAA385 /* NetWorkTools.swift in Sources */ = {isa = PBXBuildFile; fileRef = 8F5A3C251E2C5E9400AAA385 /* NetWorkTools.swift */; };
		8F5A3C341E2CA51E00AAA385 /* PageContentView.swift in Sources */ = {isa = PBXBuildFile; fileRef = 8F5A3C321E2CA51E00AAA385 /* PageContentView.swift */; };
		8F5A3C351E2CA51E00AAA385 /* PageTitleView.swift in Sources */ = {isa = PBXBuildFile; fileRef = 8F5A3C331E2CA51E00AAA385 /* PageTitleView.swift */; };
		8F5A3C381E2CC2B000AAA385 /* BaseViewController.swift in Sources */ = {isa = PBXBuildFile; fileRef = 8F5A3C371E2CC2B000AAA385 /* BaseViewController.swift */; };
		8F5A3C3C1E2CC73600AAA385 /* BaseAnchorViewController.swift in Sources */ = {isa = PBXBuildFile; fileRef = 8F5A3C3B1E2CC73600AAA385 /* BaseAnchorViewController.swift */; };
		8F5A3C3E1E2CCA5C00AAA385 /* RecommendViewController.swift in Sources */ = {isa = PBXBuildFile; fileRef = 8F5A3C3D1E2CCA5C00AAA385 /* RecommendViewController.swift */; };
		8F5A3C421E2CCADA00AAA385 /* AmuseViewController.swift in Sources */ = {isa = PBXBuildFile; fileRef = 8F5A3C411E2CCADA00AAA385 /* AmuseViewController.swift */; };
		8F5D103B1E35A689001F5C91 /* CycleScrollView.swift in Sources */ = {isa = PBXBuildFile; fileRef = 8F5D103A1E35A689001F5C91 /* CycleScrollView.swift */; };
		8F5D103D1E35AD0C001F5C91 /* SlideModel.swift in Sources */ = {isa = PBXBuildFile; fileRef = 8F5D103C1E35AD0C001F5C91 /* SlideModel.swift */; };
		8F5D103F1E35DB8D001F5C91 /* AmuseHeaderView.swift in Sources */ = {isa = PBXBuildFile; fileRef = 8F5D103E1E35DB8D001F5C91 /* AmuseHeaderView.swift */; };
		8F5D10431E35E4BC001F5C91 /* AmuseGameCell.swift in Sources */ = {isa = PBXBuildFile; fileRef = 8F5D10421E35E4BC001F5C91 /* AmuseGameCell.swift */; };
		8F5D10451E36035A001F5C91 /* LiveViewController.swift in Sources */ = {isa = PBXBuildFile; fileRef = 8F5D10441E36035A001F5C91 /* LiveViewController.swift */; };
		8F967E391E2DA594003CB9EE /* Find.storyboard in Resources */ = {isa = PBXBuildFile; fileRef = 8F967E381E2DA594003CB9EE /* Find.storyboard */; };
		8F967E3B1E2DA785003CB9EE /* UIImage+Extension.swift in Sources */ = {isa = PBXBuildFile; fileRef = 8F967E3A1E2DA785003CB9EE /* UIImage+Extension.swift */; };
		8F967E3D1E2DAA51003CB9EE /* CustomNavigationController.swift in Sources */ = {isa = PBXBuildFile; fileRef = 8F967E3C1E2DAA51003CB9EE /* CustomNavigationController.swift */; };
		8FB4A84A1E1C835A00614903 /* MainViewController.swift in Sources */ = {isa = PBXBuildFile; fileRef = 8FB4A8491E1C835A00614903 /* MainViewController.swift */; };
		8FB4A84D1E1C8FA300614903 /* Home.storyboard in Resources */ = {isa = PBXBuildFile; fileRef = 8FB4A84B1E1C8FA300614903 /* Home.storyboard */; };
		8FB4A84F1E1C8FB300614903 /* Live.storyboard in Resources */ = {isa = PBXBuildFile; fileRef = 8FB4A84E1E1C8FB300614903 /* Live.storyboard */; };
		8FB4A8521E1C8FC300614903 /* Follow.storyboard in Resources */ = {isa = PBXBuildFile; fileRef = 8FB4A8501E1C8FC300614903 /* Follow.storyboard */; };
		8FB4A8551E1C8FD200614903 /* Profile.storyboard in Resources */ = {isa = PBXBuildFile; fileRef = 8FB4A8531E1C8FD200614903 /* Profile.storyboard */; };
		8FBF141C1E1BF28C00CA19D0 /* AppDelegate.swift in Sources */ = {isa = PBXBuildFile; fileRef = 8FBF141B1E1BF28C00CA19D0 /* AppDelegate.swift */; };
		8FBF14211E1BF28C00CA19D0 /* Main.storyboard in Resources */ = {isa = PBXBuildFile; fileRef = 8FBF141F1E1BF28C00CA19D0 /* Main.storyboard */; };
		8FBF14231E1BF28C00CA19D0 /* Assets.xcassets in Resources */ = {isa = PBXBuildFile; fileRef = 8FBF14221E1BF28C00CA19D0 /* Assets.xcassets */; };
		8FBF14261E1BF28C00CA19D0 /* LaunchScreen.storyboard in Resources */ = {isa = PBXBuildFile; fileRef = 8FBF14241E1BF28C00CA19D0 /* LaunchScreen.storyboard */; };
		8FBF14311E1BF28D00CA19D0 /* YuDouTests.swift in Sources */ = {isa = PBXBuildFile; fileRef = 8FBF14301E1BF28D00CA19D0 /* YuDouTests.swift */; };
		8FBF143C1E1BF28D00CA19D0 /* YuDouUITests.swift in Sources */ = {isa = PBXBuildFile; fileRef = 8FBF143B1E1BF28D00CA19D0 /* YuDouUITests.swift */; };
		8FD6CBE21E31B91A008A16FF /* RecommendViewModel.swift in Sources */ = {isa = PBXBuildFile; fileRef = 8FD6CBE11E31B91A008A16FF /* RecommendViewModel.swift */; };
		8FD6CBE41E31F866008A16FF /* BaseRoomModel.swift in Sources */ = {isa = PBXBuildFile; fileRef = 8FD6CBE31E31F866008A16FF /* BaseRoomModel.swift */; };
		8FD6CBE61E31FD43008A16FF /* BaseGroupRoomModel.swift in Sources */ = {isa = PBXBuildFile; fileRef = 8FD6CBE51E31FD43008A16FF /* BaseGroupRoomModel.swift */; };
		8FD6CBE91E31FF97008A16FF /* GameCell.swift in Sources */ = {isa = PBXBuildFile; fileRef = 8FD6CBE71E31FF97008A16FF /* GameCell.swift */; };
		8FD6CBEA1E31FF97008A16FF /* GameCell.xib in Resources */ = {isa = PBXBuildFile; fileRef = 8FD6CBE81E31FF97008A16FF /* GameCell.xib */; };
		8FD6CBED1E31FFC9008A16FF /* BeautyCell.swift in Sources */ = {isa = PBXBuildFile; fileRef = 8FD6CBEB1E31FFC9008A16FF /* BeautyCell.swift */; };
		8FD6CBEE1E31FFC9008A16FF /* BeautyCell.xib in Resources */ = {isa = PBXBuildFile; fileRef = 8FD6CBEC1E31FFC9008A16FF /* BeautyCell.xib */; };
		8FD6CBF01E3204CA008A16FF /* LiveBaseCell.swift in Sources */ = {isa = PBXBuildFile; fileRef = 8FD6CBEF1E3204CA008A16FF /* LiveBaseCell.swift */; };
		8FD6CBF21E321143008A16FF /* BaseViewModel.swift in Sources */ = {isa = PBXBuildFile; fileRef = 8FD6CBF11E321143008A16FF /* BaseViewModel.swift */; };
		8FE15AD81E35000700EFF1ED /* AmuseViewModel.swift in Sources */ = {isa = PBXBuildFile; fileRef = 8FE15AD71E35000700EFF1ED /* AmuseViewModel.swift */; };
		8FE212EE1E34809B0064FF7C /* SectionHeaderView.swift in Sources */ = {isa = PBXBuildFile; fileRef = 8FE212EC1E34809B0064FF7C /* SectionHeaderView.swift */; };
		8FE212EF1E34809B0064FF7C /* SectionHeaderView.xib in Resources */ = {isa = PBXBuildFile; fileRef = 8FE212ED1E34809B0064FF7C /* SectionHeaderView.xib */; };
		8FE212F11E34B2420064FF7C /* HomeCateModel.swift in Sources */ = {isa = PBXBuildFile; fileRef = 8FE212F01E34B2420064FF7C /* HomeCateModel.swift */; };
/* End PBXBuildFile section */

/* Begin PBXContainerItemProxy section */
		8FBF142D1E1BF28D00CA19D0 /* PBXContainerItemProxy */ = {
			isa = PBXContainerItemProxy;
			containerPortal = 8FBF14101E1BF28C00CA19D0 /* Project object */;
			proxyType = 1;
			remoteGlobalIDString = 8FBF14171E1BF28C00CA19D0;
			remoteInfo = YuDou;
		};
		8FBF14381E1BF28D00CA19D0 /* PBXContainerItemProxy */ = {
			isa = PBXContainerItemProxy;
			containerPortal = 8FBF14101E1BF28C00CA19D0 /* Project object */;
			proxyType = 1;
			remoteGlobalIDString = 8FBF14171E1BF28C00CA19D0;
			remoteInfo = YuDou;
		};
/* End PBXContainerItemProxy section */

/* Begin PBXFileReference section */
		12876A27399B7B8071D21EBC /* Pods-YuDou.debug.xcconfig */ = {isa = PBXFileReference; includeInIndex = 1; lastKnownFileType = text.xcconfig; name = "Pods-YuDou.debug.xcconfig"; path = "Pods/Target Support Files/Pods-YuDou/Pods-YuDou.debug.xcconfig"; sourceTree = "<group>"; };
		1C862B987C636F3FFDD7DF40 /* Pods_YuDou.framework */ = {isa = PBXFileReference; explicitFileType = wrapper.framework; includeInIndex = 0; path = Pods_YuDou.framework; sourceTree = BUILT_PRODUCTS_DIR; };
		731A781DF13471296D211EB9 /* Pods-YuDou.release.xcconfig */ = {isa = PBXFileReference; includeInIndex = 1; lastKnownFileType = text.xcconfig; name = "Pods-YuDou.release.xcconfig"; path = "Pods/Target Support Files/Pods-YuDou/Pods-YuDou.release.xcconfig"; sourceTree = "<group>"; };
		8F384EDB1E4C10A5004BFC86 /* LiveHeaderCell.swift */ = {isa = PBXFileReference; fileEncoding = 4; lastKnownFileType = sourcecode.swift; path = LiveHeaderCell.swift; sourceTree = "<group>"; };
		8F3BD0401E1D1E15006C7648 /* HomeViewController.swift */ = {isa = PBXFileReference; fileEncoding = 4; lastKnownFileType = sourcecode.swift; path = HomeViewController.swift; sourceTree = "<group>"; };
		8F3BD0431E1D1FD0006C7648 /* UIBarButtonItem+Extension.swift */ = {isa = PBXFileReference; fileEncoding = 4; lastKnownFileType = sourcecode.swift; path = "UIBarButtonItem+Extension.swift"; sourceTree = "<group>"; };
		8F44FBAB1E4AB24700A95E99 /* GameIconCell.swift */ = {isa = PBXFileReference; fileEncoding = 4; lastKnownFileType = sourcecode.swift; path = GameIconCell.swift; sourceTree = "<group>"; };
		8F44FBAD1E4AB26500A95E99 /* GameIconCell.xib */ = {isa = PBXFileReference; fileEncoding = 4; lastKnownFileType = file.xib; path = GameIconCell.xib; sourceTree = "<group>"; };
		8F44FBB21E4ABB3600A95E99 /* GameIconModel.swift */ = {isa = PBXFileReference; fileEncoding = 4; lastKnownFileType = sourcecode.swift; path = GameIconModel.swift; sourceTree = "<group>"; };
		8F44FBB41E4AC0E800A95E99 /* LiveListViewController.swift */ = {isa = PBXFileReference; fileEncoding = 4; lastKnownFileType = sourcecode.swift; path = LiveListViewController.swift; sourceTree = "<group>"; };
		8F44FBB61E4AC31F00A95E99 /* LiveListViewModel.swift */ = {isa = PBXFileReference; fileEncoding = 4; lastKnownFileType = sourcecode.swift; path = LiveListViewModel.swift; sourceTree = "<group>"; };
		8F44FBBC1E4ACC2900A95E99 /* LiveHeaderCategoryView.swift */ = {isa = PBXFileReference; fileEncoding = 4; lastKnownFileType = sourcecode.swift; path = LiveHeaderCategoryView.swift; sourceTree = "<group>"; };
		8F50C5151E49672300B66587 /* ScrollSegement.swift */ = {isa = PBXFileReference; fileEncoding = 4; lastKnownFileType = sourcecode.swift; path = ScrollSegement.swift; sourceTree = "<group>"; };
		8F50C5171E49C7D500B66587 /* LiveCommonViewController.swift */ = {isa = PBXFileReference; fileEncoding = 4; lastKnownFileType = sourcecode.swift; path = LiveCommonViewController.swift; sourceTree = "<group>"; };
		8F50C5191E49C84300B66587 /* LiveChildViewController.swift */ = {isa = PBXFileReference; fileEncoding = 4; lastKnownFileType = sourcecode.swift; path = LiveChildViewController.swift; sourceTree = "<group>"; };
		8F50C51B1E49CF1200B66587 /* ColumnModel.swift */ = {isa = PBXFileReference; fileEncoding = 4; lastKnownFileType = sourcecode.swift; path = ColumnModel.swift; sourceTree = "<group>"; };
		8F593DB31E4D50130014AB20 /* GradientView.swift */ = {isa = PBXFileReference; fileEncoding = 4; lastKnownFileType = sourcecode.swift; path = GradientView.swift; sourceTree = "<group>"; };
		8F5A3C211E2C59E100AAA385 /* UIColor+Extension.swift */ = {isa = PBXFileReference; fileEncoding = 4; lastKnownFileType = sourcecode.swift; path = "UIColor+Extension.swift"; sourceTree = "<group>"; };
		8F5A3C231E2C5D7500AAA385 /* common.swift */ = {isa = PBXFileReference; fileEncoding = 4; lastKnownFileType = sourcecode.swift; path = common.swift; sourceTree = "<group>"; };
		8F5A3C251E2C5E9400AAA385 /* NetWorkTools.swift */ = {isa = PBXFileReference; fileEncoding = 4; lastKnownFileType = sourcecode.swift; path = NetWorkTools.swift; sourceTree = "<group>"; };
		8F5A3C321E2CA51E00AAA385 /* PageContentView.swift */ = {isa = PBXFileReference; fileEncoding = 4; lastKnownFileType = sourcecode.swift; path = PageContentView.swift; sourceTree = "<group>"; };
		8F5A3C331E2CA51E00AAA385 /* PageTitleView.swift */ = {isa = PBXFileReference; fileEncoding = 4; lastKnownFileType = sourcecode.swift; path = PageTitleView.swift; sourceTree = "<group>"; };
		8F5A3C371E2CC2B000AAA385 /* BaseViewController.swift */ = {isa = PBXFileReference; fileEncoding = 4; lastKnownFileType = sourcecode.swift; path = BaseViewController.swift; sourceTree = "<group>"; };
		8F5A3C3B1E2CC73600AAA385 /* BaseAnchorViewController.swift */ = {isa = PBXFileReference; fileEncoding = 4; lastKnownFileType = sourcecode.swift; path = BaseAnchorViewController.swift; sourceTree = "<group>"; };
		8F5A3C3D1E2CCA5C00AAA385 /* RecommendViewController.swift */ = {isa = PBXFileReference; fileEncoding = 4; lastKnownFileType = sourcecode.swift; path = RecommendViewController.swift; sourceTree = "<group>"; };
		8F5A3C411E2CCADA00AAA385 /* AmuseViewController.swift */ = {isa = PBXFileReference; fileEncoding = 4; lastKnownFileType = sourcecode.swift; path = AmuseViewController.swift; sourceTree = "<group>"; };
		8F5D103A1E35A689001F5C91 /* CycleScrollView.swift */ = {isa = PBXFileReference; fileEncoding = 4; lastKnownFileType = sourcecode.swift; path = CycleScrollView.swift; sourceTree = "<group>"; };
		8F5D103C1E35AD0C001F5C91 /* SlideModel.swift */ = {isa = PBXFileReference; fileEncoding = 4; lastKnownFileType = sourcecode.swift; path = SlideModel.swift; sourceTree = "<group>"; };
		8F5D103E1E35DB8D001F5C91 /* AmuseHeaderView.swift */ = {isa = PBXFileReference; fileEncoding = 4; lastKnownFileType = sourcecode.swift; path = AmuseHeaderView.swift; sourceTree = "<group>"; };
		8F5D10421E35E4BC001F5C91 /* AmuseGameCell.swift */ = {isa = PBXFileReference; fileEncoding = 4; lastKnownFileType = sourcecode.swift; path = AmuseGameCell.swift; sourceTree = "<group>"; };
		8F5D10441E36035A001F5C91 /* LiveViewController.swift */ = {isa = PBXFileReference; fileEncoding = 4; lastKnownFileType = sourcecode.swift; path = LiveViewController.swift; sourceTree = "<group>"; };
		8F967E381E2DA594003CB9EE /* Find.storyboard */ = {isa = PBXFileReference; fileEncoding = 4; lastKnownFileType = file.storyboard; path = Find.storyboard; sourceTree = "<group>"; };
		8F967E3A1E2DA785003CB9EE /* UIImage+Extension.swift */ = {isa = PBXFileReference; fileEncoding = 4; lastKnownFileType = sourcecode.swift; path = "UIImage+Extension.swift"; sourceTree = "<group>"; };
		8F967E3C1E2DAA51003CB9EE /* CustomNavigationController.swift */ = {isa = PBXFileReference; fileEncoding = 4; lastKnownFileType = sourcecode.swift; path = CustomNavigationController.swift; sourceTree = "<group>"; };
		8FB4A8491E1C835A00614903 /* MainViewController.swift */ = {isa = PBXFileReference; fileEncoding = 4; lastKnownFileType = sourcecode.swift; path = MainViewController.swift; sourceTree = "<group>"; };
		8FB4A84C1E1C8FA300614903 /* Base */ = {isa = PBXFileReference; lastKnownFileType = file.storyboard; name = Base; path = YuDou/Base.lproj/Home.storyboard; sourceTree = SOURCE_ROOT; };
		8FB4A84E1E1C8FB300614903 /* Live.storyboard */ = {isa = PBXFileReference; fileEncoding = 4; lastKnownFileType = file.storyboard; name = Live.storyboard; path = ../../Main/Controller/Live.storyboard; sourceTree = "<group>"; };
		8FB4A8511E1C8FC300614903 /* Base */ = {isa = PBXFileReference; lastKnownFileType = file.storyboard; name = Base; path = YuDou/Base.lproj/Follow.storyboard; sourceTree = SOURCE_ROOT; };
		8FB4A8541E1C8FD200614903 /* Base */ = {isa = PBXFileReference; lastKnownFileType = file.storyboard; name = Base; path = YuDou/Base.lproj/Profile.storyboard; sourceTree = SOURCE_ROOT; };
		8FBF14181E1BF28C00CA19D0 /* YuDou.app */ = {isa = PBXFileReference; explicitFileType = wrapper.application; includeInIndex = 0; path = YuDou.app; sourceTree = BUILT_PRODUCTS_DIR; };
		8FBF141B1E1BF28C00CA19D0 /* AppDelegate.swift */ = {isa = PBXFileReference; lastKnownFileType = sourcecode.swift; path = AppDelegate.swift; sourceTree = "<group>"; };
		8FBF14201E1BF28C00CA19D0 /* Base */ = {isa = PBXFileReference; lastKnownFileType = file.storyboard; name = Base; path = Base.lproj/Main.storyboard; sourceTree = "<group>"; };
		8FBF14221E1BF28C00CA19D0 /* Assets.xcassets */ = {isa = PBXFileReference; lastKnownFileType = folder.assetcatalog; path = Assets.xcassets; sourceTree = "<group>"; };
		8FBF14251E1BF28C00CA19D0 /* Base */ = {isa = PBXFileReference; lastKnownFileType = file.storyboard; name = Base; path = Base.lproj/LaunchScreen.storyboard; sourceTree = "<group>"; };
		8FBF14271E1BF28C00CA19D0 /* Info.plist */ = {isa = PBXFileReference; lastKnownFileType = text.plist.xml; path = Info.plist; sourceTree = "<group>"; };
		8FBF142C1E1BF28D00CA19D0 /* YuDouTests.xctest */ = {isa = PBXFileReference; explicitFileType = wrapper.cfbundle; includeInIndex = 0; path = YuDouTests.xctest; sourceTree = BUILT_PRODUCTS_DIR; };
		8FBF14301E1BF28D00CA19D0 /* YuDouTests.swift */ = {isa = PBXFileReference; lastKnownFileType = sourcecode.swift; path = YuDouTests.swift; sourceTree = "<group>"; };
		8FBF14321E1BF28D00CA19D0 /* Info.plist */ = {isa = PBXFileReference; lastKnownFileType = text.plist.xml; path = Info.plist; sourceTree = "<group>"; };
		8FBF14371E1BF28D00CA19D0 /* YuDouUITests.xctest */ = {isa = PBXFileReference; explicitFileType = wrapper.cfbundle; includeInIndex = 0; path = YuDouUITests.xctest; sourceTree = BUILT_PRODUCTS_DIR; };
		8FBF143B1E1BF28D00CA19D0 /* YuDouUITests.swift */ = {isa = PBXFileReference; lastKnownFileType = sourcecode.swift; path = YuDouUITests.swift; sourceTree = "<group>"; };
		8FBF143D1E1BF28D00CA19D0 /* Info.plist */ = {isa = PBXFileReference; lastKnownFileType = text.plist.xml; path = Info.plist; sourceTree = "<group>"; };
		8FD6CBE11E31B91A008A16FF /* RecommendViewModel.swift */ = {isa = PBXFileReference; fileEncoding = 4; lastKnownFileType = sourcecode.swift; path = RecommendViewModel.swift; sourceTree = "<group>"; };
		8FD6CBE31E31F866008A16FF /* BaseRoomModel.swift */ = {isa = PBXFileReference; fileEncoding = 4; lastKnownFileType = sourcecode.swift; path = BaseRoomModel.swift; sourceTree = "<group>"; };
		8FD6CBE51E31FD43008A16FF /* BaseGroupRoomModel.swift */ = {isa = PBXFileReference; fileEncoding = 4; lastKnownFileType = sourcecode.swift; path = BaseGroupRoomModel.swift; sourceTree = "<group>"; };
		8FD6CBE71E31FF97008A16FF /* GameCell.swift */ = {isa = PBXFileReference; fileEncoding = 4; lastKnownFileType = sourcecode.swift; path = GameCell.swift; sourceTree = "<group>"; };
		8FD6CBE81E31FF97008A16FF /* GameCell.xib */ = {isa = PBXFileReference; fileEncoding = 4; lastKnownFileType = file.xib; path = GameCell.xib; sourceTree = "<group>"; };
		8FD6CBEB1E31FFC9008A16FF /* BeautyCell.swift */ = {isa = PBXFileReference; fileEncoding = 4; lastKnownFileType = sourcecode.swift; path = BeautyCell.swift; sourceTree = "<group>"; };
		8FD6CBEC1E31FFC9008A16FF /* BeautyCell.xib */ = {isa = PBXFileReference; fileEncoding = 4; lastKnownFileType = file.xib; path = BeautyCell.xib; sourceTree = "<group>"; };
		8FD6CBEF1E3204CA008A16FF /* LiveBaseCell.swift */ = {isa = PBXFileReference; fileEncoding = 4; lastKnownFileType = sourcecode.swift; path = LiveBaseCell.swift; sourceTree = "<group>"; };
		8FD6CBF11E321143008A16FF /* BaseViewModel.swift */ = {isa = PBXFileReference; fileEncoding = 4; lastKnownFileType = sourcecode.swift; path = BaseViewModel.swift; sourceTree = "<group>"; };
		8FE15AD71E35000700EFF1ED /* AmuseViewModel.swift */ = {isa = PBXFileReference; fileEncoding = 4; lastKnownFileType = sourcecode.swift; path = AmuseViewModel.swift; sourceTree = "<group>"; };
		8FE212EC1E34809B0064FF7C /* SectionHeaderView.swift */ = {isa = PBXFileReference; fileEncoding = 4; lastKnownFileType = sourcecode.swift; path = SectionHeaderView.swift; sourceTree = "<group>"; };
		8FE212ED1E34809B0064FF7C /* SectionHeaderView.xib */ = {isa = PBXFileReference; fileEncoding = 4; lastKnownFileType = file.xib; path = SectionHeaderView.xib; sourceTree = "<group>"; };
		8FE212F01E34B2420064FF7C /* HomeCateModel.swift */ = {isa = PBXFileReference; fileEncoding = 4; lastKnownFileType = sourcecode.swift; path = HomeCateModel.swift; sourceTree = "<group>"; };
/* End PBXFileReference section */

/* Begin PBXFrameworksBuildPhase section */
		8FBF14151E1BF28C00CA19D0 /* Frameworks */ = {
			isa = PBXFrameworksBuildPhase;
			buildActionMask = 2147483647;
			files = (
				7722D49C8B40FC158EBE037D /* Pods_YuDou.framework in Frameworks */,
			);
			runOnlyForDeploymentPostprocessing = 0;
		};
		8FBF14291E1BF28D00CA19D0 /* Frameworks */ = {
			isa = PBXFrameworksBuildPhase;
			buildActionMask = 2147483647;
			files = (
			);
			runOnlyForDeploymentPostprocessing = 0;
		};
		8FBF14341E1BF28D00CA19D0 /* Frameworks */ = {
			isa = PBXFrameworksBuildPhase;
			buildActionMask = 2147483647;
			files = (
			);
			runOnlyForDeploymentPostprocessing = 0;
		};
/* End PBXFrameworksBuildPhase section */

/* Begin PBXGroup section */
		8F3BD0421E1D1F9C006C7648 /* Extension */ = {
			isa = PBXGroup;
			children = (
				8F3BD0431E1D1FD0006C7648 /* UIBarButtonItem+Extension.swift */,
				8F5A3C211E2C59E100AAA385 /* UIColor+Extension.swift */,
				8F967E3A1E2DA785003CB9EE /* UIImage+Extension.swift */,
			);
			path = Extension;
			sourceTree = "<group>";
		};
		8F44FBAF1E4AB64A00A95E99 /* ViewModel */ = {
			isa = PBXGroup;
			children = (
				8F44FBB61E4AC31F00A95E99 /* LiveListViewModel.swift */,
			);
			path = ViewModel;
			sourceTree = "<group>";
		};
		8F5A3C291E2CA41700AAA385 /* ViewModel */ = {
			isa = PBXGroup;
			children = (
				8FD6CBF11E321143008A16FF /* BaseViewModel.swift */,
			);
			path = ViewModel;
			sourceTree = "<group>";
		};
		8F5A3C361E2CA53800AAA385 /* ViewModel */ = {
			isa = PBXGroup;
			children = (
				8FD6CBE11E31B91A008A16FF /* RecommendViewModel.swift */,
				8FE15AD71E35000700EFF1ED /* AmuseViewModel.swift */,
			);
			path = ViewModel;
			sourceTree = "<group>";
		};
		8F967E341E2DA51C003CB9EE /* Find */ = {
			isa = PBXGroup;
			children = (
				8F967E351E2DA556003CB9EE /* Controller */,
				8F967E361E2DA556003CB9EE /* Model */,
				8F967E371E2DA556003CB9EE /* View */,
			);
			path = Find;
			sourceTree = "<group>";
		};
		8F967E351E2DA556003CB9EE /* Controller */ = {
			isa = PBXGroup;
			children = (
				8F967E381E2DA594003CB9EE /* Find.storyboard */,
			);
			path = Controller;
			sourceTree = "<group>";
		};
		8F967E361E2DA556003CB9EE /* Model */ = {
			isa = PBXGroup;
			children = (
			);
			path = Model;
			sourceTree = "<group>";
		};
		8F967E371E2DA556003CB9EE /* View */ = {
			isa = PBXGroup;
			children = (
			);
			path = View;
			sourceTree = "<group>";
		};
		8FB4A8341E1C805800614903 /* Follow */ = {
			isa = PBXGroup;
			children = (
				8FB4A8351E1C805800614903 /* Controller */,
				8FB4A8361E1C805800614903 /* Model */,
				8FB4A8371E1C805800614903 /* View */,
			);
			path = Follow;
			sourceTree = "<group>";
		};
		8FB4A8351E1C805800614903 /* Controller */ = {
			isa = PBXGroup;
			children = (
				8FB4A8501E1C8FC300614903 /* Follow.storyboard */,
			);
			path = Controller;
			sourceTree = "<group>";
		};
		8FB4A8361E1C805800614903 /* Model */ = {
			isa = PBXGroup;
			children = (
			);
			path = Model;
			sourceTree = "<group>";
		};
		8FB4A8371E1C805800614903 /* View */ = {
			isa = PBXGroup;
			children = (
			);
			path = View;
			sourceTree = "<group>";
		};
		8FB4A8381E1C805800614903 /* Home */ = {
			isa = PBXGroup;
			children = (
				8F5A3C361E2CA53800AAA385 /* ViewModel */,
				8FB4A8391E1C805800614903 /* Controller */,
				8FB4A83A1E1C805800614903 /* Model */,
				8FB4A83B1E1C805800614903 /* View */,
			);
			path = Home;
			sourceTree = "<group>";
		};
		8FB4A8391E1C805800614903 /* Controller */ = {
			isa = PBXGroup;
			children = (
				8FB4A84B1E1C8FA300614903 /* Home.storyboard */,
				8F3BD0401E1D1E15006C7648 /* HomeViewController.swift */,
				8F5A3C3D1E2CCA5C00AAA385 /* RecommendViewController.swift */,
				8F5A3C411E2CCADA00AAA385 /* AmuseViewController.swift */,
			);
			path = Controller;
			sourceTree = "<group>";
		};
		8FB4A83A1E1C805800614903 /* Model */ = {
			isa = PBXGroup;
			children = (
				8FE212F01E34B2420064FF7C /* HomeCateModel.swift */,
				8F5D103C1E35AD0C001F5C91 /* SlideModel.swift */,
			);
			path = Model;
			sourceTree = "<group>";
		};
		8FB4A83B1E1C805800614903 /* View */ = {
			isa = PBXGroup;
			children = (
				8FE212EC1E34809B0064FF7C /* SectionHeaderView.swift */,
				8FE212ED1E34809B0064FF7C /* SectionHeaderView.xib */,
				8F5D103A1E35A689001F5C91 /* CycleScrollView.swift */,
				8F5D103E1E35DB8D001F5C91 /* AmuseHeaderView.swift */,
				8F5D10421E35E4BC001F5C91 /* AmuseGameCell.swift */,
			);
			path = View;
			sourceTree = "<group>";
		};
		8FB4A83C1E1C805800614903 /* Live */ = {
			isa = PBXGroup;
			children = (
				8F44FBAF1E4AB64A00A95E99 /* ViewModel */,
				8FB4A83D1E1C805800614903 /* Controller */,
				8FB4A83E1E1C805800614903 /* Model */,
				8FB4A83F1E1C805800614903 /* View */,
			);
			path = Live;
			sourceTree = "<group>";
		};
		8FB4A83D1E1C805800614903 /* Controller */ = {
			isa = PBXGroup;
			children = (
				8FB4A84E1E1C8FB300614903 /* Live.storyboard */,
				8F5D10441E36035A001F5C91 /* LiveViewController.swift */,
				8F50C5171E49C7D500B66587 /* LiveCommonViewController.swift */,
				8F50C5191E49C84300B66587 /* LiveChildViewController.swift */,
				8F44FBB41E4AC0E800A95E99 /* LiveListViewController.swift */,
			);
			path = Controller;
			sourceTree = "<group>";
		};
		8FB4A83E1E1C805800614903 /* Model */ = {
			isa = PBXGroup;
			children = (
				8F50C51B1E49CF1200B66587 /* ColumnModel.swift */,
				8F44FBB21E4ABB3600A95E99 /* GameIconModel.swift */,
			);
			path = Model;
			sourceTree = "<group>";
		};
		8FB4A83F1E1C805800614903 /* View */ = {
			isa = PBXGroup;
			children = (
				8F50C5151E49672300B66587 /* ScrollSegement.swift */,
				8F44FBAB1E4AB24700A95E99 /* GameIconCell.swift */,
				8F44FBAD1E4AB26500A95E99 /* GameIconCell.xib */,
				8F44FBBC1E4ACC2900A95E99 /* LiveHeaderCategoryView.swift */,
				8F384EDB1E4C10A5004BFC86 /* LiveHeaderCell.swift */,
			);
			path = View;
			sourceTree = "<group>";
		};
		8FB4A8401E1C805800614903 /* Main */ = {
			isa = PBXGroup;
			children = (
				8F5A3C291E2CA41700AAA385 /* ViewModel */,
				8FB4A8411E1C805800614903 /* Controller */,
				8FB4A8421E1C805800614903 /* Model */,
				8FB4A8431E1C805800614903 /* View */,
			);
			path = Main;
			sourceTree = "<group>";
		};
		8FB4A8411E1C805800614903 /* Controller */ = {
			isa = PBXGroup;
			children = (
				8FBF141F1E1BF28C00CA19D0 /* Main.storyboard */,
				8FB4A8491E1C835A00614903 /* MainViewController.swift */,
				8F5A3C371E2CC2B000AAA385 /* BaseViewController.swift */,
				8F5A3C3B1E2CC73600AAA385 /* BaseAnchorViewController.swift */,
				8F967E3C1E2DAA51003CB9EE /* CustomNavigationController.swift */,
			);
			path = Controller;
			sourceTree = "<group>";
		};
		8FB4A8421E1C805800614903 /* Model */ = {
			isa = PBXGroup;
			children = (
				8FD6CBE31E31F866008A16FF /* BaseRoomModel.swift */,
				8FD6CBE51E31FD43008A16FF /* BaseGroupRoomModel.swift */,
			);
			path = Model;
			sourceTree = "<group>";
		};
		8FB4A8431E1C805800614903 /* View */ = {
			isa = PBXGroup;
			children = (
				8F5A3C321E2CA51E00AAA385 /* PageContentView.swift */,
				8F5A3C331E2CA51E00AAA385 /* PageTitleView.swift */,
				8FD6CBE71E31FF97008A16FF /* GameCell.swift */,
				8FD6CBE81E31FF97008A16FF /* GameCell.xib */,
				8FD6CBEB1E31FFC9008A16FF /* BeautyCell.swift */,
				8FD6CBEC1E31FFC9008A16FF /* BeautyCell.xib */,
				8FD6CBEF1E3204CA008A16FF /* LiveBaseCell.swift */,
				8F593DB31E4D50130014AB20 /* GradientView.swift */,
			);
			path = View;
			sourceTree = "<group>";
		};
		8FB4A8441E1C805800614903 /* Profile */ = {
			isa = PBXGroup;
			children = (
				8FB4A8451E1C805800614903 /* Controller */,
				8FB4A8461E1C805800614903 /* Model */,
				8FB4A8471E1C805800614903 /* View */,
			);
			path = Profile;
			sourceTree = "<group>";
		};
		8FB4A8451E1C805800614903 /* Controller */ = {
			isa = PBXGroup;
			children = (
				8FB4A8531E1C8FD200614903 /* Profile.storyboard */,
			);
			path = Controller;
			sourceTree = "<group>";
		};
		8FB4A8461E1C805800614903 /* Model */ = {
			isa = PBXGroup;
			children = (
			);
			path = Model;
			sourceTree = "<group>";
		};
		8FB4A8471E1C805800614903 /* View */ = {
			isa = PBXGroup;
			children = (
			);
			path = View;
			sourceTree = "<group>";
		};
		8FB4A8481E1C805800614903 /* Tools */ = {
			isa = PBXGroup;
			children = (
				8F3BD0421E1D1F9C006C7648 /* Extension */,
				8F5A3C231E2C5D7500AAA385 /* common.swift */,
				8F5A3C251E2C5E9400AAA385 /* NetWorkTools.swift */,
			);
			path = Tools;
			sourceTree = "<group>";
		};
		8FBF140F1E1BF28C00CA19D0 = {
			isa = PBXGroup;
			children = (
				8FBF141A1E1BF28C00CA19D0 /* YuDou */,
				8FBF142F1E1BF28D00CA19D0 /* YuDouTests */,
				8FBF143A1E1BF28D00CA19D0 /* YuDouUITests */,
				8FBF14191E1BF28C00CA19D0 /* Products */,
				CEE2726C99845BB9A0B39D6F /* Pods */,
				DD85CF5B5F4FFDFDE5CF543B /* Frameworks */,
			);
			sourceTree = "<group>";
		};
		8FBF14191E1BF28C00CA19D0 /* Products */ = {
			isa = PBXGroup;
			children = (
				8FBF14181E1BF28C00CA19D0 /* YuDou.app */,
				8FBF142C1E1BF28D00CA19D0 /* YuDouTests.xctest */,
				8FBF14371E1BF28D00CA19D0 /* YuDouUITests.xctest */,
			);
			name = Products;
			sourceTree = "<group>";
		};
		8FBF141A1E1BF28C00CA19D0 /* YuDou */ = {
			isa = PBXGroup;
			children = (
				8FBF14491E1BF55B00CA19D0 /* Classes */,
				8FBF141B1E1BF28C00CA19D0 /* AppDelegate.swift */,
				8FBF14221E1BF28C00CA19D0 /* Assets.xcassets */,
				8FBF14241E1BF28C00CA19D0 /* LaunchScreen.storyboard */,
				8FBF14271E1BF28C00CA19D0 /* Info.plist */,
			);
			path = YuDou;
			sourceTree = "<group>";
		};
		8FBF142F1E1BF28D00CA19D0 /* YuDouTests */ = {
			isa = PBXGroup;
			children = (
				8FBF14301E1BF28D00CA19D0 /* YuDouTests.swift */,
				8FBF14321E1BF28D00CA19D0 /* Info.plist */,
			);
			path = YuDouTests;
			sourceTree = "<group>";
		};
		8FBF143A1E1BF28D00CA19D0 /* YuDouUITests */ = {
			isa = PBXGroup;
			children = (
				8FBF143B1E1BF28D00CA19D0 /* YuDouUITests.swift */,
				8FBF143D1E1BF28D00CA19D0 /* Info.plist */,
			);
			path = YuDouUITests;
			sourceTree = "<group>";
		};
		8FBF14491E1BF55B00CA19D0 /* Classes */ = {
			isa = PBXGroup;
			children = (
				8F967E341E2DA51C003CB9EE /* Find */,
				8FB4A8341E1C805800614903 /* Follow */,
				8FB4A8441E1C805800614903 /* Profile */,
				8FB4A83C1E1C805800614903 /* Live */,
				8FB4A8381E1C805800614903 /* Home */,
				8FB4A8401E1C805800614903 /* Main */,
				8FB4A8481E1C805800614903 /* Tools */,
			);
			path = Classes;
			sourceTree = "<group>";
		};
		CEE2726C99845BB9A0B39D6F /* Pods */ = {
			isa = PBXGroup;
			children = (
				12876A27399B7B8071D21EBC /* Pods-YuDou.debug.xcconfig */,
				731A781DF13471296D211EB9 /* Pods-YuDou.release.xcconfig */,
			);
			name = Pods;
			sourceTree = "<group>";
		};
		DD85CF5B5F4FFDFDE5CF543B /* Frameworks */ = {
			isa = PBXGroup;
			children = (
				1C862B987C636F3FFDD7DF40 /* Pods_YuDou.framework */,
			);
			name = Frameworks;
			sourceTree = "<group>";
		};
/* End PBXGroup section */

/* Begin PBXNativeTarget section */
		8FBF14171E1BF28C00CA19D0 /* YuDou */ = {
			isa = PBXNativeTarget;
			buildConfigurationList = 8FBF14401E1BF28D00CA19D0 /* Build configuration list for PBXNativeTarget "YuDou" */;
			buildPhases = (
				9C7EEAB165A1B373E8441541 /* [CP] Check Pods Manifest.lock */,
				8FBF14141E1BF28C00CA19D0 /* Sources */,
				8FBF14151E1BF28C00CA19D0 /* Frameworks */,
				8FBF14161E1BF28C00CA19D0 /* Resources */,
				F8C826B022DEED463134E505 /* [CP] Embed Pods Frameworks */,
				BA2261A9E67CC65D48DD6C5B /* [CP] Copy Pods Resources */,
			);
			buildRules = (
			);
			dependencies = (
			);
			name = YuDou;
			productName = YuDou;
			productReference = 8FBF14181E1BF28C00CA19D0 /* YuDou.app */;
			productType = "com.apple.product-type.application";
		};
		8FBF142B1E1BF28D00CA19D0 /* YuDouTests */ = {
			isa = PBXNativeTarget;
			buildConfigurationList = 8FBF14431E1BF28D00CA19D0 /* Build configuration list for PBXNativeTarget "YuDouTests" */;
			buildPhases = (
				8FBF14281E1BF28D00CA19D0 /* Sources */,
				8FBF14291E1BF28D00CA19D0 /* Frameworks */,
				8FBF142A1E1BF28D00CA19D0 /* Resources */,
			);
			buildRules = (
			);
			dependencies = (
				8FBF142E1E1BF28D00CA19D0 /* PBXTargetDependency */,
			);
			name = YuDouTests;
			productName = YuDouTests;
			productReference = 8FBF142C1E1BF28D00CA19D0 /* YuDouTests.xctest */;
			productType = "com.apple.product-type.bundle.unit-test";
		};
		8FBF14361E1BF28D00CA19D0 /* YuDouUITests */ = {
			isa = PBXNativeTarget;
			buildConfigurationList = 8FBF14461E1BF28D00CA19D0 /* Build configuration list for PBXNativeTarget "YuDouUITests" */;
			buildPhases = (
				8FBF14331E1BF28D00CA19D0 /* Sources */,
				8FBF14341E1BF28D00CA19D0 /* Frameworks */,
				8FBF14351E1BF28D00CA19D0 /* Resources */,
			);
			buildRules = (
			);
			dependencies = (
				8FBF14391E1BF28D00CA19D0 /* PBXTargetDependency */,
			);
			name = YuDouUITests;
			productName = YuDouUITests;
			productReference = 8FBF14371E1BF28D00CA19D0 /* YuDouUITests.xctest */;
			productType = "com.apple.product-type.bundle.ui-testing";
		};
/* End PBXNativeTarget section */

/* Begin PBXProject section */
		8FBF14101E1BF28C00CA19D0 /* Project object */ = {
			isa = PBXProject;
			attributes = {
				LastSwiftUpdateCheck = 0820;
				LastUpgradeCheck = 0820;
				ORGANIZATIONNAME = bemagine;
				TargetAttributes = {
					8FBF14171E1BF28C00CA19D0 = {
						CreatedOnToolsVersion = 8.2.1;
						DevelopmentTeam = 4939NVSR79;
						ProvisioningStyle = Automatic;
					};
					8FBF142B1E1BF28D00CA19D0 = {
						CreatedOnToolsVersion = 8.2.1;
						DevelopmentTeam = 4939NVSR79;
						ProvisioningStyle = Automatic;
						TestTargetID = 8FBF14171E1BF28C00CA19D0;
					};
					8FBF14361E1BF28D00CA19D0 = {
						CreatedOnToolsVersion = 8.2.1;
						DevelopmentTeam = 4939NVSR79;
						ProvisioningStyle = Automatic;
						TestTargetID = 8FBF14171E1BF28C00CA19D0;
					};
				};
			};
			buildConfigurationList = 8FBF14131E1BF28C00CA19D0 /* Build configuration list for PBXProject "YuDou" */;
			compatibilityVersion = "Xcode 3.2";
			developmentRegion = English;
			hasScannedForEncodings = 0;
			knownRegions = (
				en,
				Base,
			);
			mainGroup = 8FBF140F1E1BF28C00CA19D0;
			productRefGroup = 8FBF14191E1BF28C00CA19D0 /* Products */;
			projectDirPath = "";
			projectRoot = "";
			targets = (
				8FBF14171E1BF28C00CA19D0 /* YuDou */,
				8FBF142B1E1BF28D00CA19D0 /* YuDouTests */,
				8FBF14361E1BF28D00CA19D0 /* YuDouUITests */,
			);
		};
/* End PBXProject section */

/* Begin PBXResourcesBuildPhase section */
		8FBF14161E1BF28C00CA19D0 /* Resources */ = {
			isa = PBXResourcesBuildPhase;
			buildActionMask = 2147483647;
			files = (
				8F44FBAE1E4AB26500A95E99 /* GameIconCell.xib in Resources */,
				8FBF14261E1BF28C00CA19D0 /* LaunchScreen.storyboard in Resources */,
				8FD6CBEE1E31FFC9008A16FF /* BeautyCell.xib in Resources */,
				8FBF14231E1BF28C00CA19D0 /* Assets.xcassets in Resources */,
				8FE212EF1E34809B0064FF7C /* SectionHeaderView.xib in Resources */,
				8FBF14211E1BF28C00CA19D0 /* Main.storyboard in Resources */,
				8FB4A84F1E1C8FB300614903 /* Live.storyboard in Resources */,
				8FB4A84D1E1C8FA300614903 /* Home.storyboard in Resources */,
				8FD6CBEA1E31FF97008A16FF /* GameCell.xib in Resources */,
				8FB4A8551E1C8FD200614903 /* Profile.storyboard in Resources */,
				8FB4A8521E1C8FC300614903 /* Follow.storyboard in Resources */,
				8F967E391E2DA594003CB9EE /* Find.storyboard in Resources */,
			);
			runOnlyForDeploymentPostprocessing = 0;
		};
		8FBF142A1E1BF28D00CA19D0 /* Resources */ = {
			isa = PBXResourcesBuildPhase;
			buildActionMask = 2147483647;
			files = (
			);
			runOnlyForDeploymentPostprocessing = 0;
		};
		8FBF14351E1BF28D00CA19D0 /* Resources */ = {
			isa = PBXResourcesBuildPhase;
			buildActionMask = 2147483647;
			files = (
			);
			runOnlyForDeploymentPostprocessing = 0;
		};
/* End PBXResourcesBuildPhase section */

/* Begin PBXShellScriptBuildPhase section */
		9C7EEAB165A1B373E8441541 /* [CP] Check Pods Manifest.lock */ = {
			isa = PBXShellScriptBuildPhase;
			buildActionMask = 2147483647;
			files = (
			);
			inputPaths = (
			);
			name = "[CP] Check Pods Manifest.lock";
			outputPaths = (
			);
			runOnlyForDeploymentPostprocessing = 0;
			shellPath = /bin/sh;
			shellScript = "diff \"${PODS_ROOT}/../Podfile.lock\" \"${PODS_ROOT}/Manifest.lock\" > /dev/null\nif [ $? != 0 ] ; then\n    # print error to STDERR\n    echo \"error: The sandbox is not in sync with the Podfile.lock. Run 'pod install' or update your CocoaPods installation.\" >&2\n    exit 1\nfi\n";
			showEnvVarsInLog = 0;
		};
		BA2261A9E67CC65D48DD6C5B /* [CP] Copy Pods Resources */ = {
			isa = PBXShellScriptBuildPhase;
			buildActionMask = 2147483647;
			files = (
			);
			inputPaths = (
			);
			name = "[CP] Copy Pods Resources";
			outputPaths = (
			);
			runOnlyForDeploymentPostprocessing = 0;
			shellPath = /bin/sh;
			shellScript = "\"${SRCROOT}/Pods/Target Support Files/Pods-YuDou/Pods-YuDou-resources.sh\"\n";
			showEnvVarsInLog = 0;
		};
		F8C826B022DEED463134E505 /* [CP] Embed Pods Frameworks */ = {
			isa = PBXShellScriptBuildPhase;
			buildActionMask = 2147483647;
			files = (
			);
			inputPaths = (
			);
			name = "[CP] Embed Pods Frameworks";
			outputPaths = (
			);
			runOnlyForDeploymentPostprocessing = 0;
			shellPath = /bin/sh;
			shellScript = "\"${SRCROOT}/Pods/Target Support Files/Pods-YuDou/Pods-YuDou-frameworks.sh\"\n";
			showEnvVarsInLog = 0;
		};
/* End PBXShellScriptBuildPhase section */

/* Begin PBXSourcesBuildPhase section */
		8FBF14141E1BF28C00CA19D0 /* Sources */ = {
			isa = PBXSourcesBuildPhase;
			buildActionMask = 2147483647;
			files = (
				8F384EDC1E4C10A5004BFC86 /* LiveHeaderCell.swift in Sources */,
				8F5A3C421E2CCADA00AAA385 /* AmuseViewController.swift in Sources */,
				8FE212F11E34B2420064FF7C /* HomeCateModel.swift in Sources */,
				8F593DB41E4D50130014AB20 /* GradientView.swift in Sources */,
				8FE15AD81E35000700EFF1ED /* AmuseViewModel.swift in Sources */,
				8F5D10431E35E4BC001F5C91 /* AmuseGameCell.swift in Sources */,
				8F5D10451E36035A001F5C91 /* LiveViewController.swift in Sources */,
				8F5D103D1E35AD0C001F5C91 /* SlideModel.swift in Sources */,
				8F50C5161E49672300B66587 /* ScrollSegement.swift in Sources */,
				8F5A3C261E2C5E9400AAA385 /* NetWorkTools.swift in Sources */,
				8F44FBB31E4ABB3600A95E99 /* GameIconModel.swift in Sources */,
				8F5A3C351E2CA51E00AAA385 /* PageTitleView.swift in Sources */,
				8FD6CBE91E31FF97008A16FF /* GameCell.swift in Sources */,
				8F5A3C241E2C5D7500AAA385 /* common.swift in Sources */,
				8FD6CBF21E321143008A16FF /* BaseViewModel.swift in Sources */,
				8FD6CBE21E31B91A008A16FF /* RecommendViewModel.swift in Sources */,
				8F3BD0441E1D1FD0006C7648 /* UIBarButtonItem+Extension.swift in Sources */,
				8FD6CBF01E3204CA008A16FF /* LiveBaseCell.swift in Sources */,
				8F5A3C341E2CA51E00AAA385 /* PageContentView.swift in Sources */,
				8F5A3C3E1E2CCA5C00AAA385 /* RecommendViewController.swift in Sources */,
				8F50C5181E49C7D500B66587 /* LiveCommonViewController.swift in Sources */,
				8F5A3C381E2CC2B000AAA385 /* BaseViewController.swift in Sources */,
				8FD6CBED1E31FFC9008A16FF /* BeautyCell.swift in Sources */,
				8FE212EE1E34809B0064FF7C /* SectionHeaderView.swift in Sources */,
				8F44FBB71E4AC31F00A95E99 /* LiveListViewModel.swift in Sources */,
				8FD6CBE41E31F866008A16FF /* BaseRoomModel.swift in Sources */,
				8F44FBBD1E4ACC2900A95E99 /* LiveHeaderCategoryView.swift in Sources */,
				8FBF141C1E1BF28C00CA19D0 /* AppDelegate.swift in Sources */,
				8FD6CBE61E31FD43008A16FF /* BaseGroupRoomModel.swift in Sources */,
				8F44FBB51E4AC0E800A95E99 /* LiveListViewController.swift in Sources */,
				8F5D103B1E35A689001F5C91 /* CycleScrollView.swift in Sources */,
				8F967E3D1E2DAA51003CB9EE /* CustomNavigationController.swift in Sources */,
				8F967E3B1E2DA785003CB9EE /* UIImage+Extension.swift in Sources */,
				8F5A3C221E2C59E100AAA385 /* UIColor+Extension.swift in Sources */,
				8F44FBAC1E4AB24700A95E99 /* GameIconCell.swift in Sources */,
				8F5D103F1E35DB8D001F5C91 /* AmuseHeaderView.swift in Sources */,
				8FB4A84A1E1C835A00614903 /* MainViewController.swift in Sources */,
				8F3BD0411E1D1E15006C7648 /* HomeViewController.swift in Sources */,
				8F5A3C3C1E2CC73600AAA385 /* BaseAnchorViewController.swift in Sources */,
				8F50C51A1E49C84300B66587 /* LiveChildViewController.swift in Sources */,
				8F50C51C1E49CF1200B66587 /* ColumnModel.swift in Sources */,
			);
			runOnlyForDeploymentPostprocessing = 0;
		};
		8FBF14281E1BF28D00CA19D0 /* Sources */ = {
			isa = PBXSourcesBuildPhase;
			buildActionMask = 2147483647;
			files = (
				8FBF14311E1BF28D00CA19D0 /* YuDouTests.swift in Sources */,
			);
			runOnlyForDeploymentPostprocessing = 0;
		};
		8FBF14331E1BF28D00CA19D0 /* Sources */ = {
			isa = PBXSourcesBuildPhase;
			buildActionMask = 2147483647;
			files = (
				8FBF143C1E1BF28D00CA19D0 /* YuDouUITests.swift in Sources */,
			);
			runOnlyForDeploymentPostprocessing = 0;
		};
/* End PBXSourcesBuildPhase section */

/* Begin PBXTargetDependency section */
		8FBF142E1E1BF28D00CA19D0 /* PBXTargetDependency */ = {
			isa = PBXTargetDependency;
			target = 8FBF14171E1BF28C00CA19D0 /* YuDou */;
			targetProxy = 8FBF142D1E1BF28D00CA19D0 /* PBXContainerItemProxy */;
		};
		8FBF14391E1BF28D00CA19D0 /* PBXTargetDependency */ = {
			isa = PBXTargetDependency;
			target = 8FBF14171E1BF28C00CA19D0 /* YuDou */;
			targetProxy = 8FBF14381E1BF28D00CA19D0 /* PBXContainerItemProxy */;
		};
/* End PBXTargetDependency section */

/* Begin PBXVariantGroup section */
		8FB4A84B1E1C8FA300614903 /* Home.storyboard */ = {
			isa = PBXVariantGroup;
			children = (
				8FB4A84C1E1C8FA300614903 /* Base */,
			);
			name = Home.storyboard;
			path = ../../Main/Controller;
			sourceTree = "<group>";
		};
		8FB4A8501E1C8FC300614903 /* Follow.storyboard */ = {
			isa = PBXVariantGroup;
			children = (
				8FB4A8511E1C8FC300614903 /* Base */,
			);
			name = Follow.storyboard;
			path = ../../Main/Controller;
			sourceTree = "<group>";
		};
		8FB4A8531E1C8FD200614903 /* Profile.storyboard */ = {
			isa = PBXVariantGroup;
			children = (
				8FB4A8541E1C8FD200614903 /* Base */,
			);
			name = Profile.storyboard;
			path = ../../Main/Controller;
			sourceTree = "<group>";
		};
		8FBF141F1E1BF28C00CA19D0 /* Main.storyboard */ = {
			isa = PBXVariantGroup;
			children = (
				8FBF14201E1BF28C00CA19D0 /* Base */,
			);
			name = Main.storyboard;
			path = ../../..;
			sourceTree = "<group>";
		};
		8FBF14241E1BF28C00CA19D0 /* LaunchScreen.storyboard */ = {
			isa = PBXVariantGroup;
			children = (
				8FBF14251E1BF28C00CA19D0 /* Base */,
			);
			name = LaunchScreen.storyboard;
			sourceTree = "<group>";
		};
/* End PBXVariantGroup section */

/* Begin XCBuildConfiguration section */
		8FBF143E1E1BF28D00CA19D0 /* Debug */ = {
			isa = XCBuildConfiguration;
			buildSettings = {
				ALWAYS_SEARCH_USER_PATHS = NO;
				CLANG_ANALYZER_NONNULL = YES;
				CLANG_CXX_LANGUAGE_STANDARD = "gnu++0x";
				CLANG_CXX_LIBRARY = "libc++";
				CLANG_ENABLE_MODULES = YES;
				CLANG_ENABLE_OBJC_ARC = YES;
				CLANG_WARN_BOOL_CONVERSION = YES;
				CLANG_WARN_CONSTANT_CONVERSION = YES;
				CLANG_WARN_DIRECT_OBJC_ISA_USAGE = YES_ERROR;
				CLANG_WARN_DOCUMENTATION_COMMENTS = YES;
				CLANG_WARN_EMPTY_BODY = YES;
				CLANG_WARN_ENUM_CONVERSION = YES;
				CLANG_WARN_INFINITE_RECURSION = YES;
				CLANG_WARN_INT_CONVERSION = YES;
				CLANG_WARN_OBJC_ROOT_CLASS = YES_ERROR;
				CLANG_WARN_SUSPICIOUS_MOVE = YES;
				CLANG_WARN_UNREACHABLE_CODE = YES;
				CLANG_WARN__DUPLICATE_METHOD_MATCH = YES;
				"CODE_SIGN_IDENTITY[sdk=iphoneos*]" = "iPhone Developer";
				COPY_PHASE_STRIP = NO;
				DEBUG_INFORMATION_FORMAT = dwarf;
				ENABLE_STRICT_OBJC_MSGSEND = YES;
				ENABLE_TESTABILITY = YES;
				GCC_C_LANGUAGE_STANDARD = gnu99;
				GCC_DYNAMIC_NO_PIC = NO;
				GCC_NO_COMMON_BLOCKS = YES;
				GCC_OPTIMIZATION_LEVEL = 0;
				GCC_PREPROCESSOR_DEFINITIONS = (
					"DEBUG=1",
					"$(inherited)",
				);
				GCC_WARN_64_TO_32_BIT_CONVERSION = YES;
				GCC_WARN_ABOUT_RETURN_TYPE = YES_ERROR;
				GCC_WARN_UNDECLARED_SELECTOR = YES;
				GCC_WARN_UNINITIALIZED_AUTOS = YES_AGGRESSIVE;
				GCC_WARN_UNUSED_FUNCTION = YES;
				GCC_WARN_UNUSED_VARIABLE = YES;
				IPHONEOS_DEPLOYMENT_TARGET = 10.2;
				MTL_ENABLE_DEBUG_INFO = YES;
				ONLY_ACTIVE_ARCH = YES;
				SDKROOT = iphoneos;
				SWIFT_ACTIVE_COMPILATION_CONDITIONS = DEBUG;
				SWIFT_OPTIMIZATION_LEVEL = "-Onone";
			};
			name = Debug;
		};
		8FBF143F1E1BF28D00CA19D0 /* Release */ = {
			isa = XCBuildConfiguration;
			buildSettings = {
				ALWAYS_SEARCH_USER_PATHS = NO;
				CLANG_ANALYZER_NONNULL = YES;
				CLANG_CXX_LANGUAGE_STANDARD = "gnu++0x";
				CLANG_CXX_LIBRARY = "libc++";
				CLANG_ENABLE_MODULES = YES;
				CLANG_ENABLE_OBJC_ARC = YES;
				CLANG_WARN_BOOL_CONVERSION = YES;
				CLANG_WARN_CONSTANT_CONVERSION = YES;
				CLANG_WARN_DIRECT_OBJC_ISA_USAGE = YES_ERROR;
				CLANG_WARN_DOCUMENTATION_COMMENTS = YES;
				CLANG_WARN_EMPTY_BODY = YES;
				CLANG_WARN_ENUM_CONVERSION = YES;
				CLANG_WARN_INFINITE_RECURSION = YES;
				CLANG_WARN_INT_CONVERSION = YES;
				CLANG_WARN_OBJC_ROOT_CLASS = YES_ERROR;
				CLANG_WARN_SUSPICIOUS_MOVE = YES;
				CLANG_WARN_UNREACHABLE_CODE = YES;
				CLANG_WARN__DUPLICATE_METHOD_MATCH = YES;
				"CODE_SIGN_IDENTITY[sdk=iphoneos*]" = "iPhone Developer";
				COPY_PHASE_STRIP = NO;
				DEBUG_INFORMATION_FORMAT = "dwarf-with-dsym";
				ENABLE_NS_ASSERTIONS = NO;
				ENABLE_STRICT_OBJC_MSGSEND = YES;
				GCC_C_LANGUAGE_STANDARD = gnu99;
				GCC_NO_COMMON_BLOCKS = YES;
				GCC_WARN_64_TO_32_BIT_CONVERSION = YES;
				GCC_WARN_ABOUT_RETURN_TYPE = YES_ERROR;
				GCC_WARN_UNDECLARED_SELECTOR = YES;
				GCC_WARN_UNINITIALIZED_AUTOS = YES_AGGRESSIVE;
				GCC_WARN_UNUSED_FUNCTION = YES;
				GCC_WARN_UNUSED_VARIABLE = YES;
				IPHONEOS_DEPLOYMENT_TARGET = 10.2;
				MTL_ENABLE_DEBUG_INFO = NO;
				SDKROOT = iphoneos;
				SWIFT_OPTIMIZATION_LEVEL = "-Owholemodule";
				VALIDATE_PRODUCT = YES;
			};
			name = Release;
		};
		8FBF14411E1BF28D00CA19D0 /* Debug */ = {
			isa = XCBuildConfiguration;
			baseConfigurationReference = 12876A27399B7B8071D21EBC /* Pods-YuDou.debug.xcconfig */;
			buildSettings = {
				ASSETCATALOG_COMPILER_APPICON_NAME = AppIcon;
				ASSETCATALOG_COMPILER_LAUNCHIMAGE_NAME = LaunchImage;
				DEVELOPMENT_TEAM = 4939NVSR79;
				INFOPLIST_FILE = YuDou/Info.plist;
				IPHONEOS_DEPLOYMENT_TARGET = 9.0;
				LD_RUNPATH_SEARCH_PATHS = "$(inherited) @executable_path/Frameworks";
				PRODUCT_BUNDLE_IDENTIFIER = bemagine.YuDou;
				PRODUCT_NAME = "$(TARGET_NAME)";
				SWIFT_VERSION = 3.0;
			};
			name = Debug;
		};
		8FBF14421E1BF28D00CA19D0 /* Release */ = {
			isa = XCBuildConfiguration;
			baseConfigurationReference = 731A781DF13471296D211EB9 /* Pods-YuDou.release.xcconfig */;
			buildSettings = {
				ASSETCATALOG_COMPILER_APPICON_NAME = AppIcon;
				ASSETCATALOG_COMPILER_LAUNCHIMAGE_NAME = LaunchImage;
				DEVELOPMENT_TEAM = 4939NVSR79;
				INFOPLIST_FILE = YuDou/Info.plist;
				IPHONEOS_DEPLOYMENT_TARGET = 9.0;
				LD_RUNPATH_SEARCH_PATHS = "$(inherited) @executable_path/Frameworks";
				PRODUCT_BUNDLE_IDENTIFIER = bemagine.YuDou;
				PRODUCT_NAME = "$(TARGET_NAME)";
				SWIFT_VERSION = 3.0;
			};
			name = Release;
		};
		8FBF14441E1BF28D00CA19D0 /* Debug */ = {
			isa = XCBuildConfiguration;
			buildSettings = {
				ALWAYS_EMBED_SWIFT_STANDARD_LIBRARIES = YES;
				BUNDLE_LOADER = "$(TEST_HOST)";
				DEVELOPMENT_TEAM = 4939NVSR79;
				INFOPLIST_FILE = YuDouTests/Info.plist;
				LD_RUNPATH_SEARCH_PATHS = "$(inherited) @executable_path/Frameworks @loader_path/Frameworks";
				PRODUCT_BUNDLE_IDENTIFIER = bemagine.YuDouTests;
				PRODUCT_NAME = "$(TARGET_NAME)";
				SWIFT_VERSION = 3.0;
				TEST_HOST = "$(BUILT_PRODUCTS_DIR)/YuDou.app/YuDou";
			};
			name = Debug;
		};
		8FBF14451E1BF28D00CA19D0 /* Release */ = {
			isa = XCBuildConfiguration;
			buildSettings = {
				ALWAYS_EMBED_SWIFT_STANDARD_LIBRARIES = YES;
				BUNDLE_LOADER = "$(TEST_HOST)";
				DEVELOPMENT_TEAM = 4939NVSR79;
				INFOPLIST_FILE = YuDouTests/Info.plist;
				LD_RUNPATH_SEARCH_PATHS = "$(inherited) @executable_path/Frameworks @loader_path/Frameworks";
				PRODUCT_BUNDLE_IDENTIFIER = bemagine.YuDouTests;
				PRODUCT_NAME = "$(TARGET_NAME)";
				SWIFT_VERSION = 3.0;
				TEST_HOST = "$(BUILT_PRODUCTS_DIR)/YuDou.app/YuDou";
			};
			name = Release;
		};
		8FBF14471E1BF28D00CA19D0 /* Debug */ = {
			isa = XCBuildConfiguration;
			buildSettings = {
				ALWAYS_EMBED_SWIFT_STANDARD_LIBRARIES = YES;
				DEVELOPMENT_TEAM = 4939NVSR79;
				INFOPLIST_FILE = YuDouUITests/Info.plist;
				LD_RUNPATH_SEARCH_PATHS = "$(inherited) @executable_path/Frameworks @loader_path/Frameworks";
				PRODUCT_BUNDLE_IDENTIFIER = bemagine.YuDouUITests;
				PRODUCT_NAME = "$(TARGET_NAME)";
				SWIFT_VERSION = 3.0;
				TEST_TARGET_NAME = YuDou;
			};
			name = Debug;
		};
		8FBF14481E1BF28D00CA19D0 /* Release */ = {
			isa = XCBuildConfiguration;
			buildSettings = {
				ALWAYS_EMBED_SWIFT_STANDARD_LIBRARIES = YES;
				DEVELOPMENT_TEAM = 4939NVSR79;
				INFOPLIST_FILE = YuDouUITests/Info.plist;
				LD_RUNPATH_SEARCH_PATHS = "$(inherited) @executable_path/Frameworks @loader_path/Frameworks";
				PRODUCT_BUNDLE_IDENTIFIER = bemagine.YuDouUITests;
				PRODUCT_NAME = "$(TARGET_NAME)";
				SWIFT_VERSION = 3.0;
				TEST_TARGET_NAME = YuDou;
			};
			name = Release;
		};
/* End XCBuildConfiguration section */

/* Begin XCConfigurationList section */
		8FBF14131E1BF28C00CA19D0 /* Build configuration list for PBXProject "YuDou" */ = {
			isa = XCConfigurationList;
			buildConfigurations = (
				8FBF143E1E1BF28D00CA19D0 /* Debug */,
				8FBF143F1E1BF28D00CA19D0 /* Release */,
			);
			defaultConfigurationIsVisible = 0;
			defaultConfigurationName = Release;
		};
		8FBF14401E1BF28D00CA19D0 /* Build configuration list for PBXNativeTarget "YuDou" */ = {
			isa = XCConfigurationList;
			buildConfigurations = (
				8FBF14411E1BF28D00CA19D0 /* Debug */,
				8FBF14421E1BF28D00CA19D0 /* Release */,
			);
			defaultConfigurationIsVisible = 0;
			defaultConfigurationName = Release;
		};
		8FBF14431E1BF28D00CA19D0 /* Build configuration list for PBXNativeTarget "YuDouTests" */ = {
			isa = XCConfigurationList;
			buildConfigurations = (
				8FBF14441E1BF28D00CA19D0 /* Debug */,
				8FBF14451E1BF28D00CA19D0 /* Release */,
			);
			defaultConfigurationIsVisible = 0;
			defaultConfigurationName = Release;
		};
		8FBF14461E1BF28D00CA19D0 /* Build configuration list for PBXNativeTarget "YuDouUITests" */ = {
			isa = XCConfigurationList;
			buildConfigurations = (
				8FBF14471E1BF28D00CA19D0 /* Debug */,
				8FBF14481E1BF28D00CA19D0 /* Release */,
			);
			defaultConfigurationIsVisible = 0;
			defaultConfigurationName = Release;
		};
/* End XCConfigurationList section */
	};
	rootObject = 8FBF14101E1BF28C00CA19D0 /* Project object */;
}
